<?xml version="1.0" encoding="utf-8"?>
<Project ToolsVersion="4.0" xmlns="http://schemas.microsoft.com/developer/msbuild/2003">
  <ItemGroup>
    <Filter Include="Shaders">
      <UniqueIdentifier>{0becc8d3-3283-4b99-81ad-ab9900e1631a}</UniqueIdentifier>
    </Filter>
    <Filter Include="Data">
      <UniqueIdentifier>{13d0be84-0034-4d45-bccc-a0948469af45}</UniqueIdentifier>
    </Filter>
  </ItemGroup>
  <ItemGroup>
    <ClCompile Include="Src\bumpMappingProgram.cpp" />
    <ClCompile Include="Src\main.cpp" />
  </ItemGroup>
  <ItemGroup>
    <FxCompile Include="Src\Shaders\ColorBumpMapPS.hlsl">
      <Filter>Shaders</Filter>
    </FxCompile>
    <FxCompile Include="Src\Shaders\ColorBumpMapVS.hlsl">
      <Filter>Shaders</Filter>
    </FxCompile>
    <FxCompile Include="Src\Shaders\ColorMapPS.hlsl">
      <Filter>Shaders</Filter>
    </FxCompile>
    <FxCompile Include="Src\Shaders\ColorMapVS.hlsl">
      <Filter>Shaders</Filter>
    </FxCompile>
  </ItemGroup>
  <ItemGroup>
    <Image Include="Src\Data\colormap.dds">
      <Filter>Data</Filter>
    </Image>
    <Image Include="Src\Data\normalmap.dds">
      <Filter>Data</Filter>
    </Image>
  </ItemGroup>
  <ItemGroup>
    <ClInclude Include="Src\bumpMappingProgram.h" />
  </ItemGroup>
</Project>