
Microsoft Visual Studio Solution File, Format Version 12.00
# Visual Studio 2012
Project("{8BC9CEB8-8B4A-11D0-8D11-00A0C91BC942}") = "DXUtils", "DXUtils\DXUtils.vcxproj", "{8207C7E5-5288-40E3-AF87-130047780016}"
EndProject
Project("{8BC9CEB8-8B4A-11D0-8D11-00A0C91BC942}") = "00-InizializzazioneFinestraDX11", "00-InizializzazioneFinestraDX11\00-InizializzazioneFinestraDX11.vcxproj", "{ADE69283-9000-4ADC-AF09-0835C1B4B8BE}"
EndProject
Project("{8BC9CEB8-8B4A-11D0-8D11-00A0C91BC942}") = "01-RenderingTriangolo", "01-RenderingTriangolo\01-RenderingTriangolo.vcxproj", "{4CDE5B35-9545-4EA4-831D-361ABF732126}"
	ProjectSection(ProjectDependencies) = postProject
		{8207C7E5-5288-40E3-AF87-130047780016} = {8207C7E5-5288-40E3-AF87-130047780016}
	EndProjectSection
EndProject
Project("{8BC9CEB8-8B4A-11D0-8D11-00A0C91BC942}") = "02-ZBuffer", "02-ZBuffer\02-ZBuffer.vcxproj", "{2FC968DC-F208-4AB3-8F78-2299C6ECF463}"
	ProjectSection(ProjectDependencies) = postProject
		{8207C7E5-5288-40E3-AF87-130047780016} = {8207C7E5-5288-40E3-AF87-130047780016}
		{E0B52AE7-E160-4D32-BF3F-910B785E5A8E} = {E0B52AE7-E160-4D32-BF3F-910B785E5A8E}
	EndProjectSection
EndProject
Project("{8BC9CEB8-8B4A-11D0-8D11-00A0C91BC942}") = "03-Transformations", "03-Transformations\03-Transformations.vcxproj", "{A8B3B7A3-3636-4BE6-AA9C-17A1132F0517}"
	ProjectSection(ProjectDependencies) = postProject
		{8207C7E5-5288-40E3-AF87-130047780016} = {8207C7E5-5288-40E3-AF87-130047780016}
	EndProjectSection
EndProject
Project("{8BC9CEB8-8B4A-11D0-8D11-00A0C91BC942}") = "04-IlluminazioneShading", "04-IlluminazioneShading\04-IlluminazioneShading.vcxproj", "{F54D47D1-9AF7-4B57-919A-6F007E47ECEA}"
	ProjectSection(ProjectDependencies) = postProject
		{8207C7E5-5288-40E3-AF87-130047780016} = {8207C7E5-5288-40E3-AF87-130047780016}
		{E0B52AE7-E160-4D32-BF3F-910B785E5A8E} = {E0B52AE7-E160-4D32-BF3F-910B785E5A8E}
	EndProjectSection
EndProject
Project("{8BC9CEB8-8B4A-11D0-8D11-00A0C91BC942}") = "05-TextureMapping", "05-TextureMapping\05-TextureMapping.vcxproj", "{02224474-5F51-496E-B744-3F6393226E4F}"
	ProjectSection(ProjectDependencies) = postProject
		{8207C7E5-5288-40E3-AF87-130047780016} = {8207C7E5-5288-40E3-AF87-130047780016}
		{E0B52AE7-E160-4D32-BF3F-910B785E5A8E} = {E0B52AE7-E160-4D32-BF3F-910B785E5A8E}
	EndProjectSection
EndProject
Project("{8BC9CEB8-8B4A-11D0-8D11-00A0C91BC942}") = "06-NormalBumpMapping", "06-NormalBumpMapping\06-NormalBumpMapping.vcxproj", "{0304C133-8112-45A8-AD96-20161425C4AA}"
	ProjectSection(ProjectDependencies) = postProject
		{8207C7E5-5288-40E3-AF87-130047780016} = {8207C7E5-5288-40E3-AF87-130047780016}
		{E0B52AE7-E160-4D32-BF3F-910B785E5A8E} = {E0B52AE7-E160-4D32-BF3F-910B785E5A8E}
	EndProjectSection
EndProject
Project("{8BC9CEB8-8B4A-11D0-8D11-00A0C91BC942}") = "07-SkyboxEnvironmentMapping", "07-SkyboxEnvironmentMapping\07-SkyboxEnvironmentMapping.vcxproj", "{9AE54AF4-A43B-4B73-A7B2-988C3E4FD837}"
	ProjectSection(ProjectDependencies) = postProject
		{8207C7E5-5288-40E3-AF87-130047780016} = {8207C7E5-5288-40E3-AF87-130047780016}
		{E0B52AE7-E160-4D32-BF3F-910B785E5A8E} = {E0B52AE7-E160-4D32-BF3F-910B785E5A8E}
	EndProjectSection
EndProject
Project("{8BC9CEB8-8B4A-11D0-8D11-00A0C91BC942}") = "08-StencilBuffer", "08-StencilBuffer\08-StencilBuffer.vcxproj", "{B4276023-A4F2-4B04-83D3-A9EC35715DD5}"
	ProjectSection(ProjectDependencies) = postProject
		{8207C7E5-5288-40E3-AF87-130047780016} = {8207C7E5-5288-40E3-AF87-130047780016}
		{E0B52AE7-E160-4D32-BF3F-910B785E5A8E} = {E0B52AE7-E160-4D32-BF3F-910B785E5A8E}
	EndProjectSection
EndProject
Project("{8BC9CEB8-8B4A-11D0-8D11-00A0C91BC942}") = "09-RasterizerStates", "09-RasterizerStates\09-RasterizerStates.vcxproj", "{4909EB44-5DE7-4927-9C4F-EC3D27D15F43}"
	ProjectSection(ProjectDependencies) = postProject
		{8207C7E5-5288-40E3-AF87-130047780016} = {8207C7E5-5288-40E3-AF87-130047780016}
		{E0B52AE7-E160-4D32-BF3F-910B785E5A8E} = {E0B52AE7-E160-4D32-BF3F-910B785E5A8E}
	EndProjectSection
EndProject
Project("{8BC9CEB8-8B4A-11D0-8D11-00A0C91BC942}") = "10-Multisample", "10-Multisample\10-Multisample.vcxproj", "{C9040B20-8BF3-43EE-9598-7B67F48E27F3}"
	ProjectSection(ProjectDependencies) = postProject
		{8207C7E5-5288-40E3-AF87-130047780016} = {8207C7E5-5288-40E3-AF87-130047780016}
		{E0B52AE7-E160-4D32-BF3F-910B785E5A8E} = {E0B52AE7-E160-4D32-BF3F-910B785E5A8E}
	EndProjectSection
EndProject
Project("{8BC9CEB8-8B4A-11D0-8D11-00A0C91BC942}") = "11-GeometryShader", "11-GeometryShader\11-GeometryShader.vcxproj", "{8E2BC1E1-FB4A-4FEB-A915-1525CB4D6F44}"
	ProjectSection(ProjectDependencies) = postProject
		{8207C7E5-5288-40E3-AF87-130047780016} = {8207C7E5-5288-40E3-AF87-130047780016}
		{E0B52AE7-E160-4D32-BF3F-910B785E5A8E} = {E0B52AE7-E160-4D32-BF3F-910B785E5A8E}
	EndProjectSection
EndProject
Project("{8BC9CEB8-8B4A-11D0-8D11-00A0C91BC942}") = "DirectXTK_Desktop_2012", "DirectXTK\DirectXTK_Desktop_2012.vcxproj", "{E0B52AE7-E160-4D32-BF3F-910B785E5A8E}"
EndProject
Project("{8BC9CEB8-8B4A-11D0-8D11-00A0C91BC942}") = "12-MultipleRenderTarget", "12-MultipleRenderTarget\12-MultipleRenderTarget.vcxproj", "{96D204AA-8AE8-4363-A02C-2E0840877580}"
	ProjectSection(ProjectDependencies) = postProject
		{8207C7E5-5288-40E3-AF87-130047780016} = {8207C7E5-5288-40E3-AF87-130047780016}
		{E0B52AE7-E160-4D32-BF3F-910B785E5A8E} = {E0B52AE7-E160-4D32-BF3F-910B785E5A8E}
	EndProjectSection
EndProject
Global
	GlobalSection(SolutionConfigurationPlatforms) = preSolution
		Debug|Win32 = Debug|Win32
		Release|Win32 = Release|Win32
	EndGlobalSection
	GlobalSection(ProjectConfigurationPlatforms) = postSolution
		{8207C7E5-5288-40E3-AF87-130047780016}.Debug|Win32.ActiveCfg = Debug|Win32
		{8207C7E5-5288-40E3-AF87-130047780016}.Debug|Win32.Build.0 = Debug|Win32
		{8207C7E5-5288-40E3-AF87-130047780016}.Release|Win32.ActiveCfg = Release|Win32
		{8207C7E5-5288-40E3-AF87-130047780016}.Release|Win32.Build.0 = Release|Win32
		{ADE69283-9000-4ADC-AF09-0835C1B4B8BE}.Debug|Win32.ActiveCfg = Debug|Win32
		{ADE69283-9000-4ADC-AF09-0835C1B4B8BE}.Debug|Win32.Build.0 = Debug|Win32
		{ADE69283-9000-4ADC-AF09-0835C1B4B8BE}.Release|Win32.ActiveCfg = Release|Win32
		{ADE69283-9000-4ADC-AF09-0835C1B4B8BE}.Release|Win32.Build.0 = Release|Win32
		{4CDE5B35-9545-4EA4-831D-361ABF732126}.Debug|Win32.ActiveCfg = Debug|Win32
		{4CDE5B35-9545-4EA4-831D-361ABF732126}.Debug|Win32.Build.0 = Debug|Win32
		{4CDE5B35-9545-4EA4-831D-361ABF732126}.Release|Win32.ActiveCfg = Release|Win32
		{4CDE5B35-9545-4EA4-831D-361ABF732126}.Release|Win32.Build.0 = Release|Win32
		{2FC968DC-F208-4AB3-8F78-2299C6ECF463}.Debug|Win32.ActiveCfg = Debug|Win32
		{2FC968DC-F208-4AB3-8F78-2299C6ECF463}.Debug|Win32.Build.0 = Debug|Win32
		{2FC968DC-F208-4AB3-8F78-2299C6ECF463}.Release|Win32.ActiveCfg = Release|Win32
		{2FC968DC-F208-4AB3-8F78-2299C6ECF463}.Release|Win32.Build.0 = Release|Win32
		{A8B3B7A3-3636-4BE6-AA9C-17A1132F0517}.Debug|Win32.ActiveCfg = Debug|Win32
		{A8B3B7A3-3636-4BE6-AA9C-17A1132F0517}.Debug|Win32.Build.0 = Debug|Win32
		{A8B3B7A3-3636-4BE6-AA9C-17A1132F0517}.Release|Win32.ActiveCfg = Release|Win32
		{A8B3B7A3-3636-4BE6-AA9C-17A1132F0517}.Release|Win32.Build.0 = Release|Win32
		{F54D47D1-9AF7-4B57-919A-6F007E47ECEA}.Debug|Win32.ActiveCfg = Debug|Win32
		{F54D47D1-9AF7-4B57-919A-6F007E47ECEA}.Debug|Win32.Build.0 = Debug|Win32
		{F54D47D1-9AF7-4B57-919A-6F007E47ECEA}.Release|Win32.ActiveCfg = Release|Win32
		{F54D47D1-9AF7-4B57-919A-6F007E47ECEA}.Release|Win32.Build.0 = Release|Win32
		{02224474-5F51-496E-B744-3F6393226E4F}.Debug|Win32.ActiveCfg = Debug|Win32
		{02224474-5F51-496E-B744-3F6393226E4F}.Debug|Win32.Build.0 = Debug|Win32
		{02224474-5F51-496E-B744-3F6393226E4F}.Release|Win32.ActiveCfg = Release|Win32
		{02224474-5F51-496E-B744-3F6393226E4F}.Release|Win32.Build.0 = Release|Win32
		{0304C133-8112-45A8-AD96-20161425C4AA}.Debug|Win32.ActiveCfg = Debug|Win32
		{0304C133-8112-45A8-AD96-20161425C4AA}.Debug|Win32.Build.0 = Debug|Win32
		{0304C133-8112-45A8-AD96-20161425C4AA}.Release|Win32.ActiveCfg = Release|Win32
		{0304C133-8112-45A8-AD96-20161425C4AA}.Release|Win32.Build.0 = Release|Win32
		{9AE54AF4-A43B-4B73-A7B2-988C3E4FD837}.Debug|Win32.ActiveCfg = Debug|Win32
		{9AE54AF4-A43B-4B73-A7B2-988C3E4FD837}.Debug|Win32.Build.0 = Debug|Win32
		{9AE54AF4-A43B-4B73-A7B2-988C3E4FD837}.Release|Win32.ActiveCfg = Release|Win32
		{9AE54AF4-A43B-4B73-A7B2-988C3E4FD837}.Release|Win32.Build.0 = Release|Win32
		{B4276023-A4F2-4B04-83D3-A9EC35715DD5}.Debug|Win32.ActiveCfg = Debug|Win32
		{B4276023-A4F2-4B04-83D3-A9EC35715DD5}.Debug|Win32.Build.0 = Debug|Win32
		{B4276023-A4F2-4B04-83D3-A9EC35715DD5}.Release|Win32.ActiveCfg = Release|Win32
		{B4276023-A4F2-4B04-83D3-A9EC35715DD5}.Release|Win32.Build.0 = Release|Win32
		{4909EB44-5DE7-4927-9C4F-EC3D27D15F43}.Debug|Win32.ActiveCfg = Debug|Win32
		{4909EB44-5DE7-4927-9C4F-EC3D27D15F43}.Debug|Win32.Build.0 = Debug|Win32
		{4909EB44-5DE7-4927-9C4F-EC3D27D15F43}.Release|Win32.ActiveCfg = Release|Win32
		{4909EB44-5DE7-4927-9C4F-EC3D27D15F43}.Release|Win32.Build.0 = Release|Win32
		{C9040B20-8BF3-43EE-9598-7B67F48E27F3}.Debug|Win32.ActiveCfg = Debug|Win32
		{C9040B20-8BF3-43EE-9598-7B67F48E27F3}.Debug|Win32.Build.0 = Debug|Win32
		{C9040B20-8BF3-43EE-9598-7B67F48E27F3}.Release|Win32.ActiveCfg = Release|Win32
		{C9040B20-8BF3-43EE-9598-7B67F48E27F3}.Release|Win32.Build.0 = Release|Win32
		{8E2BC1E1-FB4A-4FEB-A915-1525CB4D6F44}.Debug|Win32.ActiveCfg = Debug|Win32
		{8E2BC1E1-FB4A-4FEB-A915-1525CB4D6F44}.Debug|Win32.Build.0 = Debug|Win32
		{8E2BC1E1-FB4A-4FEB-A915-1525CB4D6F44}.Release|Win32.ActiveCfg = Release|Win32
		{8E2BC1E1-FB4A-4FEB-A915-1525CB4D6F44}.Release|Win32.Build.0 = Release|Win32
		{E0B52AE7-E160-4D32-BF3F-910B785E5A8E}.Debug|Win32.ActiveCfg = Debug|Win32
		{E0B52AE7-E160-4D32-BF3F-910B785E5A8E}.Debug|Win32.Build.0 = Debug|Win32
		{E0B52AE7-E160-4D32-BF3F-910B785E5A8E}.Release|Win32.ActiveCfg = Release|Win32
		{E0B52AE7-E160-4D32-BF3F-910B785E5A8E}.Release|Win32.Build.0 = Release|Win32
		{96D204AA-8AE8-4363-A02C-2E0840877580}.Debug|Win32.ActiveCfg = Debug|Win32
		{96D204AA-8AE8-4363-A02C-2E0840877580}.Debug|Win32.Build.0 = Debug|Win32
		{96D204AA-8AE8-4363-A02C-2E0840877580}.Release|Win32.ActiveCfg = Release|Win32
		{96D204AA-8AE8-4363-A02C-2E0840877580}.Release|Win32.Build.0 = Release|Win32
	EndGlobalSection
	GlobalSection(SolutionProperties) = preSolution
		HideSolutionNode = FALSE
	EndGlobalSection
EndGlobal
