<?xml version="1.0" encoding="utf-8"?>
<Project ToolsVersion="4.0" xmlns="http://schemas.microsoft.com/developer/msbuild/2003">
  <ItemGroup>
    <Filter Include="Shaders">
      <UniqueIdentifier>{bb3e61a0-cd4b-4ee3-9ce9-7d479b09b490}</UniqueIdentifier>
    </Filter>
  </ItemGroup>
  <ItemGroup>
    <ClCompile Include="Src\main.cpp" />
    <ClCompile Include="Src\statesProgram.cpp" />
  </ItemGroup>
  <ItemGroup>
    <FxCompile Include="Src\Shaders\pixelShader.hlsl">
      <Filter>Shaders</Filter>
    </FxCompile>
    <FxCompile Include="Src\Shaders\vertexShader.hlsl">
      <Filter>Shaders</Filter>
    </FxCompile>
  </ItemGroup>
  <ItemGroup>
    <ClInclude Include="Src\statesProgram.h" />
  </ItemGroup>
</Project>